
Microsoft Visual Studio Solution File, Format Version 12.00
# Visual Studio Version 16
VisualStudioVersion = 16.0.34601.136
MinimumVisualStudioVersion = 10.0.40219.1
Project("{8BC9CEB8-8B4A-11D0-8D11-00A0C91BC942}") = "Calculator", "Calculator.vcxproj", "{440AC807-B305-4B55-BDF2-47878F4E86C4}"
EndProject
Global
	GlobalSection(SolutionConfigurationPlatforms) = preSolution
		Debug|x64 = Debug|x64
		Release|x64 = Release|x64
	EndGlobalSection
	GlobalSection(ProjectConfigurationPlatforms) = postSolution
		{440AC807-B305-4B55-BDF2-47878F4E86C4}.Debug|x64.ActiveCfg = Debug|x64
		{440AC807-B305-4B55-BDF2-47878F4E86C4}.Debug|x64.Build.0 = Debug|x64
		{440AC807-B305-4B55-BDF2-47878F4E86C4}.Release|x64.ActiveCfg = Release|x64
		{440AC807-B305-4B55-BDF2-47878F4E86C4}.Release|x64.Build.0 = Release|x64
	EndGlobalSection
	GlobalSection(SolutionProperties) = preSolution
		HideSolutionNode = FALSE
	EndGlobalSection
	GlobalSection(ExtensibilityGlobals) = postSolution
		SolutionGuid = {28D93C7F-40A6-4841-A28E-30B8DAF4C49D}
	EndGlobalSection
EndGlobal
